
Microsoft Visual Studio Solution File, Format Version 12.00
# Visual Studio Version 17
VisualStudioVersion = 17.2.32630.192
MinimumVisualStudioVersion = 10.0.40219.1
Project("{2150E333-8FDC-42A3-9474-1A3956D46DE8}") = "Application", "Application", "{541A1774-A3FD-4ED8-8060-9EE70CA97DD7}"
EndProject
Project("{2150E333-8FDC-42A3-9474-1A3956D46DE8}") = "Domain", "Domain", "{2F32B497-7D30-4D6A-A5C6-AF3CBAB30756}"
EndProject
Project("{2150E333-8FDC-42A3-9474-1A3956D46DE8}") = "Infra.IoC", "Infra.IoC", "{260E23EC-2E05-4DCA-A43F-A5C01F043633}"
EndProject
Project("{2150E333-8FDC-42A3-9474-1A3956D46DE8}") = "Infra.Data", "Infra.Data", "{8EBFA36F-EA81-44A6-959D-3F1850B60D71}"
EndProject
Project("{2150E333-8FDC-42A3-9474-1A3956D46DE8}") = "Presentation", "Presentation", "{8C850F9C-3C13-4D9B-A626-131F9A3835A8}"
EndProject
Project("{9A19103F-16F7-4668-BE54-9A1E7A4F7556}") = "CleanArch.Mvc", "CleanArch.Mvc\CleanArch.Mvc.csproj", "{A23AD70D-A466-4C5C-8A5F-CEA0F7F20304}"
EndProject
Project("{9A19103F-16F7-4668-BE54-9A1E7A4F7556}") = "CleanArch.Domain", "CleanArch.Domain\CleanArch.Domain.csproj", "{AE072734-30AC-4978-8410-65DF0CC4D9E0}"
EndProject
Project("{9A19103F-16F7-4668-BE54-9A1E7A4F7556}") = "CleanArch.Infra.Data", "CleanArch.Infra.Data\CleanArch.Infra.Data.csproj", "{4C57ED67-99C2-4429-BA0A-348B3E784D8B}"
EndProject
Project("{9A19103F-16F7-4668-BE54-9A1E7A4F7556}") = "CleanArch.Application", "CleanArch.Application\CleanArch.Application.csproj", "{81193977-3512-4529-A81A-34C31E7966D3}"
EndProject
Project("{9A19103F-16F7-4668-BE54-9A1E7A4F7556}") = "CleanArch.Infra.IoC", "CleanArch.Infra.IoC\CleanArch.Infra.IoC.csproj", "{496CCC8F-4F02-4DA3-B6D3-4C3812739699}"
EndProject
Project("{2150E333-8FDC-42A3-9474-1A3956D46DE8}") = "Infra.Bus", "Infra.Bus", "{2ACB9727-1299-42E2-88EE-73C1B3077CD1}"
EndProject
Project("{2150E333-8FDC-42A3-9474-1A3956D46DE8}") = "API", "API", "{B7082E1F-5068-4CE0-A176-304F870FFBB0}"
EndProject
Project("{FAE04EC0-301F-11D3-BF4B-00C04F79EFBC}") = "CleanArc.Infra.Bus", "CleanArc.Infra.Bus\CleanArc.Infra.Bus.csproj", "{36F0BFCF-77F3-4A0E-A311-AA0FA6E273E4}"
EndProject
Project("{FAE04EC0-301F-11D3-BF4B-00C04F79EFBC}") = "CleanArch.Domain.Core", "CleanArch.Domain.Core\CleanArch.Domain.Core.csproj", "{1348F6BE-AD3D-4EF8-8F43-0FBC6609CDA6}"
EndProject
Global
	GlobalSection(SolutionConfigurationPlatforms) = preSolution
		Debug|Any CPU = Debug|Any CPU
		Release|Any CPU = Release|Any CPU
	EndGlobalSection
	GlobalSection(ProjectConfigurationPlatforms) = postSolution
		{A23AD70D-A466-4C5C-8A5F-CEA0F7F20304}.Debug|Any CPU.ActiveCfg = Debug|Any CPU
		{A23AD70D-A466-4C5C-8A5F-CEA0F7F20304}.Debug|Any CPU.Build.0 = Debug|Any CPU
		{A23AD70D-A466-4C5C-8A5F-CEA0F7F20304}.Release|Any CPU.ActiveCfg = Release|Any CPU
		{A23AD70D-A466-4C5C-8A5F-CEA0F7F20304}.Release|Any CPU.Build.0 = Release|Any CPU
		{AE072734-30AC-4978-8410-65DF0CC4D9E0}.Debug|Any CPU.ActiveCfg = Debug|Any CPU
		{AE072734-30AC-4978-8410-65DF0CC4D9E0}.Debug|Any CPU.Build.0 = Debug|Any CPU
		{AE072734-30AC-4978-8410-65DF0CC4D9E0}.Release|Any CPU.ActiveCfg = Release|Any CPU
		{AE072734-30AC-4978-8410-65DF0CC4D9E0}.Release|Any CPU.Build.0 = Release|Any CPU
		{4C57ED67-99C2-4429-BA0A-348B3E784D8B}.Debug|Any CPU.ActiveCfg = Debug|Any CPU
		{4C57ED67-99C2-4429-BA0A-348B3E784D8B}.Debug|Any CPU.Build.0 = Debug|Any CPU
		{4C57ED67-99C2-4429-BA0A-348B3E784D8B}.Release|Any CPU.ActiveCfg = Release|Any CPU
		{4C57ED67-99C2-4429-BA0A-348B3E784D8B}.Release|Any CPU.Build.0 = Release|Any CPU
		{81193977-3512-4529-A81A-34C31E7966D3}.Debug|Any CPU.ActiveCfg = Debug|Any CPU
		{81193977-3512-4529-A81A-34C31E7966D3}.Debug|Any CPU.Build.0 = Debug|Any CPU
		{81193977-3512-4529-A81A-34C31E7966D3}.Release|Any CPU.ActiveCfg = Release|Any CPU
		{81193977-3512-4529-A81A-34C31E7966D3}.Release|Any CPU.Build.0 = Release|Any CPU
		{496CCC8F-4F02-4DA3-B6D3-4C3812739699}.Debug|Any CPU.ActiveCfg = Debug|Any CPU
		{496CCC8F-4F02-4DA3-B6D3-4C3812739699}.Debug|Any CPU.Build.0 = Debug|Any CPU
		{496CCC8F-4F02-4DA3-B6D3-4C3812739699}.Release|Any CPU.ActiveCfg = Release|Any CPU
		{496CCC8F-4F02-4DA3-B6D3-4C3812739699}.Release|Any CPU.Build.0 = Release|Any CPU
		{36F0BFCF-77F3-4A0E-A311-AA0FA6E273E4}.Debug|Any CPU.ActiveCfg = Debug|Any CPU
		{36F0BFCF-77F3-4A0E-A311-AA0FA6E273E4}.Debug|Any CPU.Build.0 = Debug|Any CPU
		{36F0BFCF-77F3-4A0E-A311-AA0FA6E273E4}.Release|Any CPU.ActiveCfg = Release|Any CPU
		{36F0BFCF-77F3-4A0E-A311-AA0FA6E273E4}.Release|Any CPU.Build.0 = Release|Any CPU
		{1348F6BE-AD3D-4EF8-8F43-0FBC6609CDA6}.Debug|Any CPU.ActiveCfg = Debug|Any CPU
		{1348F6BE-AD3D-4EF8-8F43-0FBC6609CDA6}.Debug|Any CPU.Build.0 = Debug|Any CPU
		{1348F6BE-AD3D-4EF8-8F43-0FBC6609CDA6}.Release|Any CPU.ActiveCfg = Release|Any CPU
		{1348F6BE-AD3D-4EF8-8F43-0FBC6609CDA6}.Release|Any CPU.Build.0 = Release|Any CPU
	EndGlobalSection
	GlobalSection(SolutionProperties) = preSolution
		HideSolutionNode = FALSE
	EndGlobalSection
	GlobalSection(NestedProjects) = preSolution
		{A23AD70D-A466-4C5C-8A5F-CEA0F7F20304} = {8C850F9C-3C13-4D9B-A626-131F9A3835A8}
		{AE072734-30AC-4978-8410-65DF0CC4D9E0} = {2F32B497-7D30-4D6A-A5C6-AF3CBAB30756}
		{4C57ED67-99C2-4429-BA0A-348B3E784D8B} = {8EBFA36F-EA81-44A6-959D-3F1850B60D71}
		{81193977-3512-4529-A81A-34C31E7966D3} = {541A1774-A3FD-4ED8-8060-9EE70CA97DD7}
		{496CCC8F-4F02-4DA3-B6D3-4C3812739699} = {260E23EC-2E05-4DCA-A43F-A5C01F043633}
		{36F0BFCF-77F3-4A0E-A311-AA0FA6E273E4} = {2ACB9727-1299-42E2-88EE-73C1B3077CD1}
		{1348F6BE-AD3D-4EF8-8F43-0FBC6609CDA6} = {2F32B497-7D30-4D6A-A5C6-AF3CBAB30756}
	EndGlobalSection
	GlobalSection(ExtensibilityGlobals) = postSolution
		SolutionGuid = {C0D30CDA-DEB5-492A-B1E8-9EFF06E4BD95}
	EndGlobalSection
EndGlobal
